
Microsoft Visual Studio Solution File, Format Version 12.00
# Visual Studio Version 16
VisualStudioVersion = 16.0.30503.244
MinimumVisualStudioVersion = 10.0.40219.1
Project("{FAE04EC0-301F-11D3-BF4B-00C04F79EFBC}") = "AsadAli", "AsadAli\AsadAli.csproj", "{53B38BD5-707C-4F5E-92CF-E64DA6D4CD81}"
EndProject
Global
	GlobalSection(SolutionConfigurationPlatforms) = preSolution
		Debug|Any CPU = Debug|Any CPU
		Release|Any CPU = Release|Any CPU
	EndGlobalSection
	GlobalSection(ProjectConfigurationPlatforms) = postSolution
		{53B38BD5-707C-4F5E-92CF-E64DA6D4CD81}.Debug|Any CPU.ActiveCfg = Debug|Any CPU
		{53B38BD5-707C-4F5E-92CF-E64DA6D4CD81}.Debug|Any CPU.Build.0 = Debug|Any CPU
		{53B38BD5-707C-4F5E-92CF-E64DA6D4CD81}.Release|Any CPU.ActiveCfg = Release|Any CPU
		{53B38BD5-707C-4F5E-92CF-E64DA6D4CD81}.Release|Any CPU.Build.0 = Release|Any CPU
	EndGlobalSection
	GlobalSection(SolutionProperties) = preSolution
		HideSolutionNode = FALSE
	EndGlobalSection
	GlobalSection(ExtensibilityGlobals) = postSolution
		SolutionGuid = {D6AC9C62-E4E0-464F-8431-DB9E53D9C6B7}
	EndGlobalSection
EndGlobal
